
Microsoft Visual Studio Solution File, Format Version 12.00
# Visual Studio Version 17
VisualStudioVersion = 17.7.34221.43
MinimumVisualStudioVersion = 10.0.40219.1
Project("{FAE04EC0-301F-11D3-BF4B-00C04F79EFBC}") = "MeetingsManagementWeb", "MeetingsManagement\MeetingsManagementWeb.csproj", "{94ECDE37-EEF8-46AE-AED2-112D1EE3341E}"
EndProject
Global
	GlobalSection(SolutionConfigurationPlatforms) = preSolution
		Debug|Any CPU = Debug|Any CPU
		Release|Any CPU = Release|Any CPU
	EndGlobalSection
	GlobalSection(ProjectConfigurationPlatforms) = postSolution
		{94ECDE37-EEF8-46AE-AED2-112D1EE3341E}.Debug|Any CPU.ActiveCfg = Debug|Any CPU
		{94ECDE37-EEF8-46AE-AED2-112D1EE3341E}.Debug|Any CPU.Build.0 = Debug|Any CPU
		{94ECDE37-EEF8-46AE-AED2-112D1EE3341E}.Release|Any CPU.ActiveCfg = Release|Any CPU
		{94ECDE37-EEF8-46AE-AED2-112D1EE3341E}.Release|Any CPU.Build.0 = Release|Any CPU
	EndGlobalSection
	GlobalSection(SolutionProperties) = preSolution
		HideSolutionNode = FALSE
	EndGlobalSection
	GlobalSection(ExtensibilityGlobals) = postSolution
		SolutionGuid = {011208B9-3358-437F-9285-C8457806B1D7}
	EndGlobalSection
EndGlobal
